
Microsoft Visual Studio Solution File, Format Version 12.00
# Visual Studio Version 17
VisualStudioVersion = 17.0.32112.339
MinimumVisualStudioVersion = 10.0.40219.1
Project("{9A19103F-16F7-4668-BE54-9A1E7A4F7556}") = "MJP.MaerskOfflineTest", "MJP.MaerskOfflineTest\MJP.MaerskOfflineTest.csproj", "{59588353-A4C5-454C-ACBA-444E976D4FF2}"
EndProject
Project("{FAE04EC0-301F-11D3-BF4B-00C04F79EFBC}") = "MJP.MaerskOfflineTest.Tests", "MJP.MaerskOfflineTest.Tests\MJP.MaerskOfflineTest.Tests.csproj", "{E78E45D2-EEC1-4C77-9D82-51000B6A0EE1}"
EndProject
Global
	GlobalSection(SolutionConfigurationPlatforms) = preSolution
		Debug|Any CPU = Debug|Any CPU
		Release|Any CPU = Release|Any CPU
	EndGlobalSection
	GlobalSection(ProjectConfigurationPlatforms) = postSolution
		{59588353-A4C5-454C-ACBA-444E976D4FF2}.Debug|Any CPU.ActiveCfg = Debug|Any CPU
		{59588353-A4C5-454C-ACBA-444E976D4FF2}.Debug|Any CPU.Build.0 = Debug|Any CPU
		{59588353-A4C5-454C-ACBA-444E976D4FF2}.Release|Any CPU.ActiveCfg = Release|Any CPU
		{59588353-A4C5-454C-ACBA-444E976D4FF2}.Release|Any CPU.Build.0 = Release|Any CPU
		{E78E45D2-EEC1-4C77-9D82-51000B6A0EE1}.Debug|Any CPU.ActiveCfg = Debug|Any CPU
		{E78E45D2-EEC1-4C77-9D82-51000B6A0EE1}.Debug|Any CPU.Build.0 = Debug|Any CPU
		{E78E45D2-EEC1-4C77-9D82-51000B6A0EE1}.Release|Any CPU.ActiveCfg = Release|Any CPU
		{E78E45D2-EEC1-4C77-9D82-51000B6A0EE1}.Release|Any CPU.Build.0 = Release|Any CPU
	EndGlobalSection
	GlobalSection(SolutionProperties) = preSolution
		HideSolutionNode = FALSE
	EndGlobalSection
	GlobalSection(ExtensibilityGlobals) = postSolution
		SolutionGuid = {76A1FE9B-0FCB-4676-BDA3-D21FE317ADE9}
	EndGlobalSection
EndGlobal
